// !$*UTF8*$!
{
	archiveVersion = 1;
	classes = {
	};
	objectVersion = 55;
	objects = {

/* Begin PBXBuildFile section */
		1564D325278B6BE000BFFA27 /* MenuBarOptions.swift in Sources */ = {isa = PBXBuildFile; fileRef = 1564D324278B6BE000BFFA27 /* MenuBarOptions.swift */; };
		1564D326278B6BE000BFFA27 /* MenuBarOptions.swift in Sources */ = {isa = PBXBuildFile; fileRef = 1564D324278B6BE000BFFA27 /* MenuBarOptions.swift */; };
		1564D32B278B701700BFFA27 /* MenuOptionsList.swift in Sources */ = {isa = PBXBuildFile; fileRef = 1564D32A278B701700BFFA27 /* MenuOptionsList.swift */; };
		1564D32C278B701700BFFA27 /* MenuOptionsList.swift in Sources */ = {isa = PBXBuildFile; fileRef = 1564D32A278B701700BFFA27 /* MenuOptionsList.swift */; };
		1564D32E278B74B000BFFA27 /* MenuItemSection.swift in Sources */ = {isa = PBXBuildFile; fileRef = 1564D32D278B74B000BFFA27 /* MenuItemSection.swift */; };
		1564D32F278B74B000BFFA27 /* MenuItemSection.swift in Sources */ = {isa = PBXBuildFile; fileRef = 1564D32D278B74B000BFFA27 /* MenuItemSection.swift */; };
		1564D331278B755900BFFA27 /* FoodItem.swift in Sources */ = {isa = PBXBuildFile; fileRef = 1564D330278B755900BFFA27 /* FoodItem.swift */; };
		1564D332278B755900BFFA27 /* FoodItem.swift in Sources */ = {isa = PBXBuildFile; fileRef = 1564D330278B755900BFFA27 /* FoodItem.swift */; };
		1564D334278B8E6700BFFA27 /* OffsetKey.swift in Sources */ = {isa = PBXBuildFile; fileRef = 1564D333278B8E6700BFFA27 /* OffsetKey.swift */; };
		1564D335278B8E6700BFFA27 /* OffsetKey.swift in Sources */ = {isa = PBXBuildFile; fileRef = 1564D333278B8E6700BFFA27 /* OffsetKey.swift */; };
		1564D337278B8E7C00BFFA27 /* OffsetModifier.swift in Sources */ = {isa = PBXBuildFile; fileRef = 1564D336278B8E7C00BFFA27 /* OffsetModifier.swift */; };
		1564D338278B8E7C00BFFA27 /* OffsetModifier.swift in Sources */ = {isa = PBXBuildFile; fileRef = 1564D336278B8E7C00BFFA27 /* OffsetModifier.swift */; };
		15D4E8FB278B67A300B9A862 /* UberEatsSwiftUIApp.swift in Sources */ = {isa = PBXBuildFile; fileRef = 15D4E8EB278B67A200B9A862 /* UberEatsSwiftUIApp.swift */; };
		15D4E8FC278B67A300B9A862 /* UberEatsSwiftUIApp.swift in Sources */ = {isa = PBXBuildFile; fileRef = 15D4E8EB278B67A200B9A862 /* UberEatsSwiftUIApp.swift */; };
		15D4E8FD278B67A300B9A862 /* ContentView.swift in Sources */ = {isa = PBXBuildFile; fileRef = 15D4E8EC278B67A200B9A862 /* ContentView.swift */; };
		15D4E8FE278B67A300B9A862 /* ContentView.swift in Sources */ = {isa = PBXBuildFile; fileRef = 15D4E8EC278B67A200B9A862 /* ContentView.swift */; };
		15D4E8FF278B67A300B9A862 /* Assets.xcassets in Resources */ = {isa = PBXBuildFile; fileRef = 15D4E8ED278B67A300B9A862 /* Assets.xcassets */; };
		15D4E900278B67A300B9A862 /* Assets.xcassets in Resources */ = {isa = PBXBuildFile; fileRef = 15D4E8ED278B67A300B9A862 /* Assets.xcassets */; };
/* End PBXBuildFile section */

/* Begin PBXFileReference section */
		1564D324278B6BE000BFFA27 /* MenuBarOptions.swift */ = {isa = PBXFileReference; lastKnownFileType = sourcecode.swift; path = MenuBarOptions.swift; sourceTree = "<group>"; };
		1564D32A278B701700BFFA27 /* MenuOptionsList.swift */ = {isa = PBXFileReference; lastKnownFileType = sourcecode.swift; path = MenuOptionsList.swift; sourceTree = "<group>"; };
		1564D32D278B74B000BFFA27 /* MenuItemSection.swift */ = {isa = PBXFileReference; lastKnownFileType = sourcecode.swift; path = MenuItemSection.swift; sourceTree = "<group>"; };
		1564D330278B755900BFFA27 /* FoodItem.swift */ = {isa = PBXFileReference; lastKnownFileType = sourcecode.swift; path = FoodItem.swift; sourceTree = "<group>"; };
		1564D333278B8E6700BFFA27 /* OffsetKey.swift */ = {isa = PBXFileReference; lastKnownFileType = sourcecode.swift; path = OffsetKey.swift; sourceTree = "<group>"; };
		1564D336278B8E7C00BFFA27 /* OffsetModifier.swift */ = {isa = PBXFileReference; lastKnownFileType = sourcecode.swift; path = OffsetModifier.swift; sourceTree = "<group>"; };
		15D4E8EB278B67A200B9A862 /* UberEatsSwiftUIApp.swift */ = {isa = PBXFileReference; lastKnownFileType = sourcecode.swift; path = UberEatsSwiftUIApp.swift; sourceTree = "<group>"; };
		15D4E8EC278B67A200B9A862 /* ContentView.swift */ = {isa = PBXFileReference; lastKnownFileType = sourcecode.swift; path = ContentView.swift; sourceTree = "<group>"; };
		15D4E8ED278B67A300B9A862 /* Assets.xcassets */ = {isa = PBXFileReference; lastKnownFileType = folder.assetcatalog; path = Assets.xcassets; sourceTree = "<group>"; };
		15D4E8F2278B67A300B9A862 /* UberEatsSwiftUI.app */ = {isa = PBXFileReference; explicitFileType = wrapper.application; includeInIndex = 0; path = UberEatsSwiftUI.app; sourceTree = BUILT_PRODUCTS_DIR; };
		15D4E8F8278B67A300B9A862 /* UberEatsSwiftUI.app */ = {isa = PBXFileReference; explicitFileType = wrapper.application; includeInIndex = 0; path = UberEatsSwiftUI.app; sourceTree = BUILT_PRODUCTS_DIR; };
/* End PBXFileReference section */

/* Begin PBXFrameworksBuildPhase section */
		15D4E8EF278B67A300B9A862 /* Frameworks */ = {
			isa = PBXFrameworksBuildPhase;
			buildActionMask = 2147483647;
			files = (
			);
			runOnlyForDeploymentPostprocessing = 0;
		};
		15D4E8F5278B67A300B9A862 /* Frameworks */ = {
			isa = PBXFrameworksBuildPhase;
			buildActionMask = 2147483647;
			files = (
			);
			runOnlyForDeploymentPostprocessing = 0;
		};
/* End PBXFrameworksBuildPhase section */

/* Begin PBXGroup section */
		15D4E8E5278B67A200B9A862 = {
			isa = PBXGroup;
			children = (
				15D4E8EA278B67A200B9A862 /* UberEatsSwiftUI */,
				15D4E8F3278B67A300B9A862 /* Products */,
			);
			sourceTree = "<group>";
		};
		15D4E8EA278B67A200B9A862 /* UberEatsSwiftUI */ = {
			isa = PBXGroup;
			children = (
				15D4E8EB278B67A200B9A862 /* UberEatsSwiftUIApp.swift */,
				15D4E8EC278B67A200B9A862 /* ContentView.swift */,
				1564D32D278B74B000BFFA27 /* MenuItemSection.swift */,
				1564D330278B755900BFFA27 /* FoodItem.swift */,
				1564D324278B6BE000BFFA27 /* MenuBarOptions.swift */,
				1564D32A278B701700BFFA27 /* MenuOptionsList.swift */,
				1564D333278B8E6700BFFA27 /* OffsetKey.swift */,
				1564D336278B8E7C00BFFA27 /* OffsetModifier.swift */,
				15D4E8ED278B67A300B9A862 /* Assets.xcassets */,
			);
			path = UberEatsSwiftUI;
			sourceTree = "<group>";
		};
		15D4E8F3278B67A300B9A862 /* Products */ = {
			isa = PBXGroup;
			children = (
				15D4E8F2278B67A300B9A862 /* UberEatsSwiftUI.app */,
				15D4E8F8278B67A300B9A862 /* UberEatsSwiftUI.app */,
			);
			name = Products;
			sourceTree = "<group>";
		};
/* End PBXGroup section */

/* Begin PBXNativeTarget section */
		15D4E8F1278B67A300B9A862 /* UberEatsSwiftUI (iOS) */ = {
			isa = PBXNativeTarget;
			buildConfigurationList = 15D4E903278B67A300B9A862 /* Build configuration list for PBXNativeTarget "UberEatsSwiftUI (iOS)" */;
			buildPhases = (
				15D4E8EE278B67A300B9A862 /* Sources */,
				15D4E8EF278B67A300B9A862 /* Frameworks */,
				15D4E8F0278B67A300B9A862 /* Resources */,
			);
			buildRules = (
			);
			dependencies = (
			);
			name = "UberEatsSwiftUI (iOS)";
			productName = "UberEatsSwiftUI (iOS)";
			productReference = 15D4E8F2278B67A300B9A862 /* UberEatsSwiftUI.app */;
			productType = "com.apple.product-type.application";
		};
		15D4E8F7278B67A300B9A862 /* UberEatsSwiftUI (macOS) */ = {
			isa = PBXNativeTarget;
			buildConfigurationList = 15D4E906278B67A300B9A862 /* Build configuration list for PBXNativeTarget "UberEatsSwiftUI (macOS)" */;
			buildPhases = (
				15D4E8F4278B67A300B9A862 /* Sources */,
				15D4E8F5278B67A300B9A862 /* Frameworks */,
				15D4E8F6278B67A300B9A862 /* Resources */,
			);
			buildRules = (
			);
			dependencies = (
			);
			name = "UberEatsSwiftUI (macOS)";
			productName = "UberEatsSwiftUI (macOS)";
			productReference = 15D4E8F8278B67A300B9A862 /* UberEatsSwiftUI.app */;
			productType = "com.apple.product-type.application";
		};
/* End PBXNativeTarget section */

/* Begin PBXProject section */
		15D4E8E6278B67A200B9A862 /* Project object */ = {
			isa = PBXProject;
			attributes = {
				BuildIndependentTargetsInParallel = 1;
				LastSwiftUpdateCheck = 1320;
				LastUpgradeCheck = 1320;
				TargetAttributes = {
					15D4E8F1278B67A300B9A862 = {
						CreatedOnToolsVersion = 13.2.1;
					};
					15D4E8F7278B67A300B9A862 = {
						CreatedOnToolsVersion = 13.2.1;
					};
				};
			};
			buildConfigurationList = 15D4E8E9278B67A200B9A862 /* Build configuration list for PBXProject "UberEatsSwiftUI" */;
			compatibilityVersion = "Xcode 13.0";
			developmentRegion = en;
			hasScannedForEncodings = 0;
			knownRegions = (
				en,
				Base,
			);
			mainGroup = 15D4E8E5278B67A200B9A862;
			productRefGroup = 15D4E8F3278B67A300B9A862 /* Products */;
			projectDirPath = "";
			projectRoot = "";
			targets = (
				15D4E8F1278B67A300B9A862 /* UberEatsSwiftUI (iOS) */,
				15D4E8F7278B67A300B9A862 /* UberEatsSwiftUI (macOS) */,
			);
		};
/* End PBXProject section */

/* Begin PBXResourcesBuildPhase section */
		15D4E8F0278B67A300B9A862 /* Resources */ = {
			isa = PBXResourcesBuildPhase;
			buildActionMask = 2147483647;
			files = (
				15D4E8FF278B67A300B9A862 /* Assets.xcassets in Resources */,
			);
			runOnlyForDeploymentPostprocessing = 0;
		};
		15D4E8F6278B67A300B9A862 /* Resources */ = {
			isa = PBXResourcesBuildPhase;
			buildActionMask = 2147483647;
			files = (
				15D4E900278B67A300B9A862 /* Assets.xcassets in Resources */,
			);
			runOnlyForDeploymentPostprocessing = 0;
		};
/* End PBXResourcesBuildPhase section */

/* Begin PBXSourcesBuildPhase section */
		15D4E8EE278B67A300B9A862 /* Sources */ = {
			isa = PBXSourcesBuildPhase;
			buildActionMask = 2147483647;
			files = (
				15D4E8FD278B67A300B9A862 /* ContentView.swift in Sources */,
				1564D32B278B701700BFFA27 /* MenuOptionsList.swift in Sources */,
				15D4E8FB278B67A300B9A862 /* UberEatsSwiftUIApp.swift in Sources */,
				1564D334278B8E6700BFFA27 /* OffsetKey.swift in Sources */,
				1564D32E278B74B000BFFA27 /* MenuItemSection.swift in Sources */,
				1564D337278B8E7C00BFFA27 /* OffsetModifier.swift in Sources */,
				1564D331278B755900BFFA27 /* FoodItem.swift in Sources */,
				1564D325278B6BE000BFFA27 /* MenuBarOptions.swift in Sources */,
			);
			runOnlyForDeploymentPostprocessing = 0;
		};
		15D4E8F4278B67A300B9A862 /* Sources */ = {
			isa = PBXSourcesBuildPhase;
			buildActionMask = 2147483647;
			files = (
				15D4E8FE278B67A300B9A862 /* ContentView.swift in Sources */,
				1564D32C278B701700BFFA27 /* MenuOptionsList.swift in Sources */,
				15D4E8FC278B67A300B9A862 /* UberEatsSwiftUIApp.swift in Sources */,
				1564D335278B8E6700BFFA27 /* OffsetKey.swift in Sources */,
				1564D32F278B74B000BFFA27 /* MenuItemSection.swift in Sources */,
				1564D338278B8E7C00BFFA27 /* OffsetModifier.swift in Sources */,
				1564D332278B755900BFFA27 /* FoodItem.swift in Sources */,
				1564D326278B6BE000BFFA27 /* MenuBarOptions.swift in Sources */,
			);
			runOnlyForDeploymentPostprocessing = 0;
		};
/* End PBXSourcesBuildPhase section */

/* Begin XCBuildConfiguration section */
		15D4E901278B67A300B9A862 /* Debug */ = {
			isa = XCBuildConfiguration;
			buildSettings = {
				ALWAYS_SEARCH_USER_PATHS = NO;
				CLANG_ANALYZER_NONNULL = YES;
				CLANG_ANALYZER_NUMBER_OBJECT_CONVERSION = YES_AGGRESSIVE;
				CLANG_CXX_LANGUAGE_STANDARD = "gnu++17";
				CLANG_CXX_LIBRARY = "libc++";
				CLANG_ENABLE_MODULES = YES;
				CLANG_ENABLE_OBJC_ARC = YES;
				CLANG_ENABLE_OBJC_WEAK = YES;
				CLANG_WARN_BLOCK_CAPTURE_AUTORELEASING = YES;
				CLANG_WARN_BOOL_CONVERSION = YES;
				CLANG_WARN_COMMA = YES;
				CLANG_WARN_CONSTANT_CONVERSION = YES;
				CLANG_WARN_DEPRECATED_OBJC_IMPLEMENTATIONS = YES;
				CLANG_WARN_DIRECT_OBJC_ISA_USAGE = YES_ERROR;
				CLANG_WARN_DOCUMENTATION_COMMENTS = YES;
				CLANG_WARN_EMPTY_BODY = YES;
				CLANG_WARN_ENUM_CONVERSION = YES;
				CLANG_WARN_INFINITE_RECURSION = YES;
				CLANG_WARN_INT_CONVERSION = YES;
				CLANG_WARN_NON_LITERAL_NULL_CONVERSION = YES;
				CLANG_WARN_OBJC_IMPLICIT_RETAIN_SELF = YES;
				CLANG_WARN_OBJC_LITERAL_CONVERSION = YES;
				CLANG_WARN_OBJC_ROOT_CLASS = YES_ERROR;
				CLANG_WARN_QUOTED_INCLUDE_IN_FRAMEWORK_HEADER = YES;
				CLANG_WARN_RANGE_LOOP_ANALYSIS = YES;
				CLANG_WARN_STRICT_PROTOTYPES = YES;
				CLANG_WARN_SUSPICIOUS_MOVE = YES;
				CLANG_WARN_UNGUARDED_AVAILABILITY = YES_AGGRESSIVE;
				CLANG_WARN_UNREACHABLE_CODE = YES;
				CLANG_WARN__DUPLICATE_METHOD_MATCH = YES;
				COPY_PHASE_STRIP = NO;
				DEBUG_INFORMATION_FORMAT = dwarf;
				ENABLE_STRICT_OBJC_MSGSEND = YES;
				ENABLE_TESTABILITY = YES;
				GCC_C_LANGUAGE_STANDARD = gnu11;
				GCC_DYNAMIC_NO_PIC = NO;
				GCC_NO_COMMON_BLOCKS = YES;
				GCC_OPTIMIZATION_LEVEL = 0;
				GCC_PREPROCESSOR_DEFINITIONS = (
					"DEBUG=1",
					"$(inherited)",
				);
				GCC_WARN_64_TO_32_BIT_CONVERSION = YES;
				GCC_WARN_ABOUT_RETURN_TYPE = YES_ERROR;
				GCC_WARN_UNDECLARED_SELECTOR = YES;
				GCC_WARN_UNINITIALIZED_AUTOS = YES_AGGRESSIVE;
				GCC_WARN_UNUSED_FUNCTION = YES;
				GCC_WARN_UNUSED_VARIABLE = YES;
				MTL_ENABLE_DEBUG_INFO = INCLUDE_SOURCE;
				MTL_FAST_MATH = YES;
				ONLY_ACTIVE_ARCH = YES;
				SWIFT_ACTIVE_COMPILATION_CONDITIONS = DEBUG;
				SWIFT_OPTIMIZATION_LEVEL = "-Onone";
			};
			name = Debug;
		};
		15D4E902278B67A300B9A862 /* Release */ = {
			isa = XCBuildConfiguration;
			buildSettings = {
				ALWAYS_SEARCH_USER_PATHS = NO;
				CLANG_ANALYZER_NONNULL = YES;
				CLANG_ANALYZER_NUMBER_OBJECT_CONVERSION = YES_AGGRESSIVE;
				CLANG_CXX_LANGUAGE_STANDARD = "gnu++17";
				CLANG_CXX_LIBRARY = "libc++";
				CLANG_ENABLE_MODULES = YES;
				CLANG_ENABLE_OBJC_ARC = YES;
				CLANG_ENABLE_OBJC_WEAK = YES;
				CLANG_WARN_BLOCK_CAPTURE_AUTORELEASING = YES;
				CLANG_WARN_BOOL_CONVERSION = YES;
				CLANG_WARN_COMMA = YES;
				CLANG_WARN_CONSTANT_CONVERSION = YES;
				CLANG_WARN_DEPRECATED_OBJC_IMPLEMENTATIONS = YES;
				CLANG_WARN_DIRECT_OBJC_ISA_USAGE = YES_ERROR;
				CLANG_WARN_DOCUMENTATION_COMMENTS = YES;
				CLANG_WARN_EMPTY_BODY = YES;
				CLANG_WARN_ENUM_CONVERSION = YES;
				CLANG_WARN_INFINITE_RECURSION = YES;
				CLANG_WARN_INT_CONVERSION = YES;
				CLANG_WARN_NON_LITERAL_NULL_CONVERSION = YES;
				CLANG_WARN_OBJC_IMPLICIT_RETAIN_SELF = YES;
				CLANG_WARN_OBJC_LITERAL_CONVERSION = YES;
				CLANG_WARN_OBJC_ROOT_CLASS = YES_ERROR;
				CLANG_WARN_QUOTED_INCLUDE_IN_FRAMEWORK_HEADER = YES;
				CLANG_WARN_RANGE_LOOP_ANALYSIS = YES;
				CLANG_WARN_STRICT_PROTOTYPES = YES;
				CLANG_WARN_SUSPICIOUS_MOVE = YES;
				CLANG_WARN_UNGUARDED_AVAILABILITY = YES_AGGRESSIVE;
				CLANG_WARN_UNREACHABLE_CODE = YES;
				CLANG_WARN__DUPLICATE_METHOD_MATCH = YES;
				COPY_PHASE_STRIP = NO;
				DEBUG_INFORMATION_FORMAT = "dwarf-with-dsym";
				ENABLE_NS_ASSERTIONS = NO;
				ENABLE_STRICT_OBJC_MSGSEND = YES;
				GCC_C_LANGUAGE_STANDARD = gnu11;
				GCC_NO_COMMON_BLOCKS = YES;
				GCC_WARN_64_TO_32_BIT_CONVERSION = YES;
				GCC_WARN_ABOUT_RETURN_TYPE = YES_ERROR;
				GCC_WARN_UNDECLARED_SELECTOR = YES;
				GCC_WARN_UNINITIALIZED_AUTOS = YES_AGGRESSIVE;
				GCC_WARN_UNUSED_FUNCTION = YES;
				GCC_WARN_UNUSED_VARIABLE = YES;
				MTL_ENABLE_DEBUG_INFO = NO;
				MTL_FAST_MATH = YES;
				SWIFT_COMPILATION_MODE = wholemodule;
				SWIFT_OPTIMIZATION_LEVEL = "-O";
			};
			name = Release;
		};
		15D4E904278B67A300B9A862 /* Debug */ = {
			isa = XCBuildConfiguration;
			buildSettings = {
				ASSETCATALOG_COMPILER_APPICON_NAME = AppIcon;
				ASSETCATALOG_COMPILER_GLOBAL_ACCENT_COLOR_NAME = AccentColor;
				CODE_SIGN_STYLE = Automatic;
				CURRENT_PROJECT_VERSION = 1;
				DEVELOPMENT_TEAM = L8974W63T6;
				ENABLE_PREVIEWS = YES;
				GENERATE_INFOPLIST_FILE = YES;
				INFOPLIST_KEY_UIApplicationSceneManifest_Generation = YES;
				INFOPLIST_KEY_UIApplicationSupportsIndirectInputEvents = YES;
				INFOPLIST_KEY_UILaunchScreen_Generation = YES;
				INFOPLIST_KEY_UISupportedInterfaceOrientations_iPad = "UIInterfaceOrientationPortrait UIInterfaceOrientationPortraitUpsideDown UIInterfaceOrientationLandscapeLeft UIInterfaceOrientationLandscapeRight";
				INFOPLIST_KEY_UISupportedInterfaceOrientations_iPhone = "UIInterfaceOrientationPortrait UIInterfaceOrientationLandscapeLeft UIInterfaceOrientationLandscapeRight";
				IPHONEOS_DEPLOYMENT_TARGET = 15.2;
				LD_RUNPATH_SEARCH_PATHS = (
					"$(inherited)",
					"@executable_path/Frameworks",
				);
				MARKETING_VERSION = 1.0;
				PRODUCT_BUNDLE_IDENTIFIER = com.mrdolheim.UberEatsSwiftUI;
				PRODUCT_NAME = UberEatsSwiftUI;
				SDKROOT = iphoneos;
				SWIFT_EMIT_LOC_STRINGS = YES;
				SWIFT_VERSION = 5.0;
				TARGETED_DEVICE_FAMILY = "1,2";
			};
			name = Debug;
		};
		15D4E905278B67A300B9A862 /* Release */ = {
			isa = XCBuildConfiguration;
			buildSettings = {
				ASSETCATALOG_COMPILER_APPICON_NAME = AppIcon;
				ASSETCATALOG_COMPILER_GLOBAL_ACCENT_COLOR_NAME = AccentColor;
				CODE_SIGN_STYLE = Automatic;
				CURRENT_PROJECT_VERSION = 1;
				DEVELOPMENT_TEAM = L8974W63T6;
				ENABLE_PREVIEWS = YES;
				GENERATE_INFOPLIST_FILE = YES;
				INFOPLIST_KEY_UIApplicationSceneManifest_Generation = YES;
				INFOPLIST_KEY_UIApplicationSupportsIndirectInputEvents = YES;
				INFOPLIST_KEY_UILaunchScreen_Generation = YES;
				INFOPLIST_KEY_UISupportedInterfaceOrientations_iPad = "UIInterfaceOrientationPortrait UIInterfaceOrientationPortraitUpsideDown UIInterfaceOrientationLandscapeLeft UIInterfaceOrientationLandscapeRight";
				INFOPLIST_KEY_UISupportedInterfaceOrientations_iPhone = "UIInterfaceOrientationPortrait UIInterfaceOrientationLandscapeLeft UIInterfaceOrientationLandscapeRight";
				IPHONEOS_DEPLOYMENT_TARGET = 15.2;
				LD_RUNPATH_SEARCH_PATHS = (
					"$(inherited)",
					"@executable_path/Frameworks",
				);
				MARKETING_VERSION = 1.0;
				PRODUCT_BUNDLE_IDENTIFIER = com.mrdolheim.UberEatsSwiftUI;
				PRODUCT_NAME = UberEatsSwiftUI;
				SDKROOT = iphoneos;
				SWIFT_EMIT_LOC_STRINGS = YES;
				SWIFT_VERSION = 5.0;
				TARGETED_DEVICE_FAMILY = "1,2";
				VALIDATE_PRODUCT = YES;
			};
			name = Release;
		};
		15D4E907278B67A300B9A862 /* Debug */ = {
			isa = XCBuildConfiguration;
			buildSettings = {
				ASSETCATALOG_COMPILER_APPICON_NAME = AppIcon;
				ASSETCATALOG_COMPILER_GLOBAL_ACCENT_COLOR_NAME = AccentColor;
				CODE_SIGN_ENTITLEMENTS = macOS/macOS.entitlements;
				CODE_SIGN_STYLE = Automatic;
				COMBINE_HIDPI_IMAGES = YES;
				CURRENT_PROJECT_VERSION = 1;
				DEVELOPMENT_TEAM = L8974W63T6;
				ENABLE_HARDENED_RUNTIME = YES;
				ENABLE_PREVIEWS = YES;
				GENERATE_INFOPLIST_FILE = YES;
				INFOPLIST_KEY_NSHumanReadableCopyright = "";
				LD_RUNPATH_SEARCH_PATHS = (
					"$(inherited)",
					"@executable_path/../Frameworks",
				);
				MACOSX_DEPLOYMENT_TARGET = 12.0;
				MARKETING_VERSION = 1.0;
				PRODUCT_BUNDLE_IDENTIFIER = com.mrdolheim.UberEatsSwiftUI;
				PRODUCT_NAME = UberEatsSwiftUI;
				SDKROOT = macosx;
				SWIFT_EMIT_LOC_STRINGS = YES;
				SWIFT_VERSION = 5.0;
			};
			name = Debug;
		};
		15D4E908278B67A300B9A862 /* Release */ = {
			isa = XCBuildConfiguration;
			buildSettings = {
				ASSETCATALOG_COMPILER_APPICON_NAME = AppIcon;
				ASSETCATALOG_COMPILER_GLOBAL_ACCENT_COLOR_NAME = AccentColor;
				CODE_SIGN_ENTITLEMENTS = macOS/macOS.entitlements;
				CODE_SIGN_STYLE = Automatic;
				COMBINE_HIDPI_IMAGES = YES;
				CURRENT_PROJECT_VERSION = 1;
				DEVELOPMENT_TEAM = L8974W63T6;
				ENABLE_HARDENED_RUNTIME = YES;
				ENABLE_PREVIEWS = YES;
				GENERATE_INFOPLIST_FILE = YES;
				INFOPLIST_KEY_NSHumanReadableCopyright = "";
				LD_RUNPATH_SEARCH_PATHS = (
					"$(inherited)",
					"@executable_path/../Frameworks",
				);
				MACOSX_DEPLOYMENT_TARGET = 12.0;
				MARKETING_VERSION = 1.0;
				PRODUCT_BUNDLE_IDENTIFIER = com.mrdolheim.UberEatsSwiftUI;
				PRODUCT_NAME = UberEatsSwiftUI;
				SDKROOT = macosx;
				SWIFT_EMIT_LOC_STRINGS = YES;
				SWIFT_VERSION = 5.0;
			};
			name = Release;
		};
/* End XCBuildConfiguration section */

/* Begin XCConfigurationList section */
		15D4E8E9278B67A200B9A862 /* Build configuration list for PBXProject "UberEatsSwiftUI" */ = {
			isa = XCConfigurationList;
			buildConfigurations = (
				15D4E901278B67A300B9A862 /* Debug */,
				15D4E902278B67A300B9A862 /* Release */,
			);
			defaultConfigurationIsVisible = 0;
			defaultConfigurationName = Release;
		};
		15D4E903278B67A300B9A862 /* Build configuration list for PBXNativeTarget "UberEatsSwiftUI (iOS)" */ = {
			isa = XCConfigurationList;
			buildConfigurations = (
				15D4E904278B67A300B9A862 /* Debug */,
				15D4E905278B67A300B9A862 /* Release */,
			);
			defaultConfigurationIsVisible = 0;
			defaultConfigurationName = Release;
		};
		15D4E906278B67A300B9A862 /* Build configuration list for PBXNativeTarget "UberEatsSwiftUI (macOS)" */ = {
			isa = XCConfigurationList;
			buildConfigurations = (
				15D4E907278B67A300B9A862 /* Debug */,
				15D4E908278B67A300B9A862 /* Release */,
			);
			defaultConfigurationIsVisible = 0;
			defaultConfigurationName = Release;
		};
/* End XCConfigurationList section */
	};
	rootObject = 15D4E8E6278B67A200B9A862 /* Project object */;
}
